# THIS IS AN AUTOGENERATED FILE. DO NOT EDIT THIS FILE DIRECTLY.
# yarn lockfile v1


buffer-crc32@~0.2.1:
  version "0.2.13"
  resolved "http://registry.npm.taobao.org/buffer-crc32/download/buffer-crc32-0.2.13.tgz#0d333e3f00eac50aa1454abd30ef8c2a5d9a7242"

compress-commons@~0.2.0:
  version "0.2.9"
  resolved "http://registry.npm.taobao.org/compress-commons/download/compress-commons-0.2.9.tgz#422d927430c01abd06cd455b6dfc04cb4cf8003c"
  dependencies:
    buffer-crc32 "~0.2.1"
    crc32-stream "~0.3.1"
    node-int64 "~0.3.0"
    readable-stream "~1.0.26"

core-util-is@~1.0.0:
  version "1.0.2"
  resolved "http://registry.npm.taobao.org/core-util-is/download/core-util-is-1.0.2.tgz#b5fd54220aa2bc5ab57aab7140c940754503c1a7"

crc32-stream@~0.3.1:
  version "0.3.4"
  resolved "http://registry.npm.taobao.org/crc32-stream/download/crc32-stream-0.3.4.tgz#73bc25b45fac1db6632231a7bfce8927e9f06552"
  dependencies:
    buffer-crc32 "~0.2.1"
    readable-stream "~1.0.24"

file-match@^1.0.1:
  version "1.0.2"
  resolved "http://registry.npm.taobao.org/file-match/download/file-match-1.0.2.tgz#c9cad265d2c8adf3a81475b0df475859069faef7"
  dependencies:
    utils-extend "^1.0.6"

file-package@^1.0.2:
  version "1.0.6"
  resolved "http://registry.npm.taobao.org/file-package/download/file-package-1.0.6.tgz#81acca89a8fac7025bf4c5de1eaa860c3120ad1f"
  dependencies:
    file-system "^2.2.1"
    utils-extend "^1.0.7"
    zip-stream "^0.5.0"

file-system@^1.2.9:
  version "1.2.9"
  resolved "http://registry.npm.taobao.org/file-system/download/file-system-1.2.9.tgz#1046fdddd46cfd7f651442df2c0ef484a1bb072f"
  dependencies:
    file-match "^1.0.1"
    utils-extend "^1.0.4"

file-system@^2.2.1:
  version "2.2.2"
  resolved "http://registry.npm.taobao.org/file-system/download/file-system-2.2.2.tgz#7d65833e3a2347dcd956a813c677153ed3edd987"
  dependencies:
    file-match "^1.0.1"
    utils-extend "^1.0.4"

inherits@~2.0.1:
  version "2.0.3"
  resolved "http://registry.npm.taobao.org/inherits/download/inherits-2.0.3.tgz#633c2c83e3da42a502f52466022480f4208261de"

isarray@0.0.1:
  version "0.0.1"
  resolved "http://registry.npm.taobao.org/isarray/download/isarray-0.0.1.tgz#8a18acfca9a8f4177e09abfc6038939b05d1eedf"

lodash@~3.2.0:
  version "3.2.0"
  resolved "http://registry.npm.taobao.org/lodash/download/lodash-3.2.0.tgz#4bf50a3243f9aeb0bac41a55d3d5990675a462fb"

node-int64@~0.3.0:
  version "0.3.3"
  resolved "http://registry.npm.taobao.org/node-int64/download/node-int64-0.3.3.tgz#2d6e6b2ece5de8588b43d88d1bc41b26cd1fa84d"

readable-stream@~1.0.24, readable-stream@~1.0.26:
  version "1.0.34"
  resolved "http://registry.npm.taobao.org/readable-stream/download/readable-stream-1.0.34.tgz#125820e34bc842d2f2aaafafe4c2916ee32c157c"
  dependencies:
    core-util-is "~1.0.0"
    inherits "~2.0.1"
    isarray "0.0.1"
    string_decoder "~0.10.x"

string_decoder@~0.10.x:
  version "0.10.31"
  resolved "http://registry.npm.taobao.org/string_decoder/download/string_decoder-0.10.31.tgz#62e203bc41766c6c28c9fc84301dab1c5310fa94"

utils-extend@^1.0.4, utils-extend@^1.0.6, utils-extend@^1.0.7:
  version "1.0.8"
  resolved "http://registry.npm.taobao.org/utils-extend/download/utils-extend-1.0.8.tgz#ccfd7b64540f8e90ee21eec57769d0651cab8a5f"

zip-stream@^0.5.0:
  version "0.5.2"
  resolved "http://registry.npm.taobao.org/zip-stream/download/zip-stream-0.5.2.tgz#32dcbc506d0dab4d21372625bd7ebaac3c2fff56"
  dependencies:
    compress-commons "~0.2.0"
    lodash "~3.2.0"
    readable-stream "~1.0.26"
